
Microsoft Visual Studio Solution File, Format Version 12.00
# Visual Studio Version 17
VisualStudioVersion = 17.4.33110.190
MinimumVisualStudioVersion = 10.0.40219.1
Project("{FAE04EC0-301F-11D3-BF4B-00C04F79EFBC}") = "HomeWork_011", "HomeWork_011\HomeWork_011.csproj", "{4AEDBCEE-C955-4D81-89F2-6321C25C361A}"
EndProject
Global
	GlobalSection(SolutionConfigurationPlatforms) = preSolution
		Debug|Any CPU = Debug|Any CPU
		Release|Any CPU = Release|Any CPU
	EndGlobalSection
	GlobalSection(ProjectConfigurationPlatforms) = postSolution
		{4AEDBCEE-C955-4D81-89F2-6321C25C361A}.Debug|Any CPU.ActiveCfg = Debug|Any CPU
		{4AEDBCEE-C955-4D81-89F2-6321C25C361A}.Debug|Any CPU.Build.0 = Debug|Any CPU
		{4AEDBCEE-C955-4D81-89F2-6321C25C361A}.Release|Any CPU.ActiveCfg = Release|Any CPU
		{4AEDBCEE-C955-4D81-89F2-6321C25C361A}.Release|Any CPU.Build.0 = Release|Any CPU
	EndGlobalSection
	GlobalSection(SolutionProperties) = preSolution
		HideSolutionNode = FALSE
	EndGlobalSection
	GlobalSection(ExtensibilityGlobals) = postSolution
		SolutionGuid = {3F8EAA68-85CD-4BF2-94E3-8E17B50AB599}
	EndGlobalSection
EndGlobal
